<?xml version="1.0" encoding="utf-8"?>
<Project ToolsVersion="4.0" xmlns="http://schemas.microsoft.com/developer/msbuild/2003">
  <ItemGroup>
    <ClInclude Include="stdafx.h" />
    <ClInclude Include="..\Common\autocs.h">
      <Filter>Common</Filter>
    </ClInclude>
    <ClInclude Include="..\Common\BufferedSerial.h">
      <Filter>Common</Filter>
    </ClInclude>
    <ClInclude Include="..\Common\naze32serial.h">
      <Filter>Common</Filter>
    </ClInclude>
    <ClInclude Include="..\Common\protocol.h">
      <Filter>Common</Filter>
    </ClInclude>
    <ClInclude Include="..\Common\Serial.h">
      <Filter>Common</Filter>
    </ClInclude>
    <ClInclude Include="..\Common\timer.h">
      <Filter>Common</Filter>
    </ClInclude>
  </ItemGroup>
  <ItemGroup>
    <ClCompile Include="stdafx.cpp" />
    <ClCompile Include="main.cpp" />
    <ClCompile Include="..\Common\BufferedSerial.cpp">
      <Filter>Common</Filter>
    </ClCompile>
    <ClCompile Include="..\Common\naze32serial.cpp">
      <Filter>Common</Filter>
    </ClCompile>
    <ClCompile Include="..\Common\Serial.cpp">
      <Filter>Common</Filter>
    </ClCompile>
    <ClCompile Include="..\Common\timer.cpp">
      <Filter>Common</Filter>
    </ClCompile>
  </ItemGroup>
  <ItemGroup>
    <Filter Include="Common">
      <UniqueIdentifier>{540f3fa9-a003-49f3-a1ae-06113499a1c5}</UniqueIdentifier>
    </Filter>
  </ItemGroup>
</Project>